# THIS IS AN AUTOGENERATED FILE. DO NOT EDIT THIS FILE DIRECTLY.
# yarn lockfile v1


"@types/node@^16.11.11":
  version "16.11.11"
  resolved "https://registry.yarnpkg.com/@types/node/-/node-16.11.11.tgz#6ea7342dfb379ea1210835bada87b3c512120234"
  integrity sha512-KB0sixD67CeecHC33MYn+eYARkqTheIRNuu97y2XMjR7Wu3XibO1vaY6VBV6O/a89SPI81cEUIYT87UqUWlZNw==

ts-fp@^1.0.0:
  version "1.0.0"
  resolved "https://registry.yarnpkg.com/ts-fp/-/ts-fp-1.0.0.tgz#45ccf6d536dee628af9b911fc669ada93a70e09a"
  integrity sha512-y7n4MlYPw7S0hwOzklJSCYUqXxuRHsToZ1yAXmUkXN34i9bKYtgTxF5oUbfoNEXl3G9y1OQWSLDjb5aaDbVWdw==
